
Microsoft Visual Studio Solution File, Format Version 12.00
# Visual Studio Version 17
VisualStudioVersion = 17.6.33723.286
MinimumVisualStudioVersion = 10.0.40219.1
Project("{FAE04EC0-301F-11D3-BF4B-00C04F79EFBC}") = "ConsoleApp1", "ConsoleApp1.csproj", "{C68E1E52-2212-42FF-939C-1C4089C054A2}"
EndProject
Global
	GlobalSection(SolutionConfigurationPlatforms) = preSolution
		Debug|Any CPU = Debug|Any CPU
		Release|Any CPU = Release|Any CPU
	EndGlobalSection
	GlobalSection(ProjectConfigurationPlatforms) = postSolution
		{C68E1E52-2212-42FF-939C-1C4089C054A2}.Debug|Any CPU.ActiveCfg = Debug|Any CPU
		{C68E1E52-2212-42FF-939C-1C4089C054A2}.Debug|Any CPU.Build.0 = Debug|Any CPU
		{C68E1E52-2212-42FF-939C-1C4089C054A2}.Release|Any CPU.ActiveCfg = Release|Any CPU
		{C68E1E52-2212-42FF-939C-1C4089C054A2}.Release|Any CPU.Build.0 = Release|Any CPU
	EndGlobalSection
	GlobalSection(SolutionProperties) = preSolution
		HideSolutionNode = FALSE
	EndGlobalSection
	GlobalSection(ExtensibilityGlobals) = postSolution
		SolutionGuid = {101C9FD4-2B54-4F35-B20E-3888663C771F}
	EndGlobalSection
EndGlobal
